// !$*UTF8*$!
{
	archiveVersion = 1;
	classes = {
	};
	objectVersion = 56;
	objects = {

/* Begin PBXBuildFile section */
		025816EB2BDA00BF006281AA /* BusinessModel.swift in Sources */ = {isa = PBXBuildFile; fileRef = 025816EA2BDA00BF006281AA /* BusinessModel.swift */; };
		025816ED2BDA06F1006281AA /* MapView.swift in Sources */ = {isa = PBXBuildFile; fileRef = 025816EC2BDA06F1006281AA /* MapView.swift */; };
		025816EF2BDA074E006281AA /* ListView.swift in Sources */ = {isa = PBXBuildFile; fileRef = 025816EE2BDA074E006281AA /* ListView.swift */; };
		025816F12BDB23A1006281AA /* OnboardingView.swift in Sources */ = {isa = PBXBuildFile; fileRef = 025816F02BDB23A1006281AA /* OnboardingView.swift */; };
		02590D1C2BCF6C960087C424 /* YelpCitySightsApp.swift in Sources */ = {isa = PBXBuildFile; fileRef = 02590D1B2BCF6C960087C424 /* YelpCitySightsApp.swift */; };
		02590D1E2BCF6C960087C424 /* HomeView.swift in Sources */ = {isa = PBXBuildFile; fileRef = 02590D1D2BCF6C960087C424 /* HomeView.swift */; };
		02590D202BCF6C980087C424 /* Assets.xcassets in Resources */ = {isa = PBXBuildFile; fileRef = 02590D1F2BCF6C980087C424 /* Assets.xcassets */; };
		02590D232BCF6C980087C424 /* Preview Assets.xcassets in Resources */ = {isa = PBXBuildFile; fileRef = 02590D222BCF6C980087C424 /* Preview Assets.xcassets */; };
		02590D2E2BCF784B0087C424 /* DataService.swift in Sources */ = {isa = PBXBuildFile; fileRef = 02590D2D2BCF784B0087C424 /* DataService.swift */; };
		02590D302BCF81B30087C424 /* BusinessSearch.swift in Sources */ = {isa = PBXBuildFile; fileRef = 02590D2F2BCF81B30087C424 /* BusinessSearch.swift */; };
		02590D342BD1A6BD0087C424 /* TextHelper.swift in Sources */ = {isa = PBXBuildFile; fileRef = 02590D332BD1A6BD0087C424 /* TextHelper.swift */; };
		02590D372BD1B6510087C424 /* BusinessDetialView.swift in Sources */ = {isa = PBXBuildFile; fileRef = 02590D362BD1B6510087C424 /* BusinessDetialView.swift */; };
		02B36CBF2BDB2D65007CB748 /* OnboardingDetailsView.swift in Sources */ = {isa = PBXBuildFile; fileRef = 02B36CBE2BDB2D65007CB748 /* OnboardingDetailsView.swift */; };
/* End PBXBuildFile section */

/* Begin PBXFileReference section */
		025816EA2BDA00BF006281AA /* BusinessModel.swift */ = {isa = PBXFileReference; lastKnownFileType = sourcecode.swift; path = BusinessModel.swift; sourceTree = "<group>"; };
		025816EC2BDA06F1006281AA /* MapView.swift */ = {isa = PBXFileReference; lastKnownFileType = sourcecode.swift; path = MapView.swift; sourceTree = "<group>"; };
		025816EE2BDA074E006281AA /* ListView.swift */ = {isa = PBXFileReference; lastKnownFileType = sourcecode.swift; path = ListView.swift; sourceTree = "<group>"; };
		025816F02BDB23A1006281AA /* OnboardingView.swift */ = {isa = PBXFileReference; lastKnownFileType = sourcecode.swift; path = OnboardingView.swift; sourceTree = "<group>"; };
		02590D182BCF6C960087C424 /* YelpCitySights.app */ = {isa = PBXFileReference; explicitFileType = wrapper.application; includeInIndex = 0; path = YelpCitySights.app; sourceTree = BUILT_PRODUCTS_DIR; };
		02590D1B2BCF6C960087C424 /* YelpCitySightsApp.swift */ = {isa = PBXFileReference; lastKnownFileType = sourcecode.swift; path = YelpCitySightsApp.swift; sourceTree = "<group>"; };
		02590D1D2BCF6C960087C424 /* HomeView.swift */ = {isa = PBXFileReference; lastKnownFileType = sourcecode.swift; path = HomeView.swift; sourceTree = "<group>"; };
		02590D1F2BCF6C980087C424 /* Assets.xcassets */ = {isa = PBXFileReference; lastKnownFileType = folder.assetcatalog; path = Assets.xcassets; sourceTree = "<group>"; };
		02590D222BCF6C980087C424 /* Preview Assets.xcassets */ = {isa = PBXFileReference; lastKnownFileType = folder.assetcatalog; path = "Preview Assets.xcassets"; sourceTree = "<group>"; };
		02590D292BCF71590087C424 /* Config.xcconfig */ = {isa = PBXFileReference; lastKnownFileType = text.xcconfig; path = Config.xcconfig; sourceTree = "<group>"; };
		02590D2A2BCF72630087C424 /* Info.plist */ = {isa = PBXFileReference; lastKnownFileType = text.plist; path = Info.plist; sourceTree = "<group>"; };
		02590D2D2BCF784B0087C424 /* DataService.swift */ = {isa = PBXFileReference; lastKnownFileType = sourcecode.swift; path = DataService.swift; sourceTree = "<group>"; };
		02590D2F2BCF81B30087C424 /* BusinessSearch.swift */ = {isa = PBXFileReference; lastKnownFileType = sourcecode.swift; path = BusinessSearch.swift; sourceTree = "<group>"; };
		02590D332BD1A6BD0087C424 /* TextHelper.swift */ = {isa = PBXFileReference; lastKnownFileType = sourcecode.swift; path = TextHelper.swift; sourceTree = "<group>"; };
		02590D362BD1B6510087C424 /* BusinessDetialView.swift */ = {isa = PBXFileReference; lastKnownFileType = sourcecode.swift; path = BusinessDetialView.swift; sourceTree = "<group>"; };
		02B36CBE2BDB2D65007CB748 /* OnboardingDetailsView.swift */ = {isa = PBXFileReference; lastKnownFileType = sourcecode.swift; path = OnboardingDetailsView.swift; sourceTree = "<group>"; };
/* End PBXFileReference section */

/* Begin PBXFrameworksBuildPhase section */
		02590D152BCF6C960087C424 /* Frameworks */ = {
			isa = PBXFrameworksBuildPhase;
			buildActionMask = 2147483647;
			files = (
			);
			runOnlyForDeploymentPostprocessing = 0;
		};
/* End PBXFrameworksBuildPhase section */

/* Begin PBXGroup section */
		02590D0F2BCF6C960087C424 = {
			isa = PBXGroup;
			children = (
				02590D1A2BCF6C960087C424 /* YelpCitySights */,
				02590D192BCF6C960087C424 /* Products */,
			);
			sourceTree = "<group>";
		};
		02590D192BCF6C960087C424 /* Products */ = {
			isa = PBXGroup;
			children = (
				02590D182BCF6C960087C424 /* YelpCitySights.app */,
			);
			name = Products;
			sourceTree = "<group>";
		};
		02590D1A2BCF6C960087C424 /* YelpCitySights */ = {
			isa = PBXGroup;
			children = (
				02590D2A2BCF72630087C424 /* Info.plist */,
				02590D1B2BCF6C960087C424 /* YelpCitySightsApp.swift */,
				02590D1D2BCF6C960087C424 /* HomeView.swift */,
				02590D352BD1B63A0087C424 /* Views */,
				02590D2D2BCF784B0087C424 /* DataService.swift */,
				02590D312BCF81B60087C424 /* Model */,
				02590D322BD1A6A10087C424 /* Helper */,
				02590D292BCF71590087C424 /* Config.xcconfig */,
				02590D1F2BCF6C980087C424 /* Assets.xcassets */,
				02590D212BCF6C980087C424 /* Preview Content */,
			);
			path = YelpCitySights;
			sourceTree = "<group>";
		};
		02590D212BCF6C980087C424 /* Preview Content */ = {
			isa = PBXGroup;
			children = (
				02590D222BCF6C980087C424 /* Preview Assets.xcassets */,
			);
			path = "Preview Content";
			sourceTree = "<group>";
		};
		02590D312BCF81B60087C424 /* Model */ = {
			isa = PBXGroup;
			children = (
				02590D2F2BCF81B30087C424 /* BusinessSearch.swift */,
				025816EA2BDA00BF006281AA /* BusinessModel.swift */,
			);
			path = Model;
			sourceTree = "<group>";
		};
		02590D322BD1A6A10087C424 /* Helper */ = {
			isa = PBXGroup;
			children = (
				02590D332BD1A6BD0087C424 /* TextHelper.swift */,
			);
			path = Helper;
			sourceTree = "<group>";
		};
		02590D352BD1B63A0087C424 /* Views */ = {
			isa = PBXGroup;
			children = (
				02590D362BD1B6510087C424 /* BusinessDetialView.swift */,
				025816EC2BDA06F1006281AA /* MapView.swift */,
				025816EE2BDA074E006281AA /* ListView.swift */,
				025816F02BDB23A1006281AA /* OnboardingView.swift */,
				02B36CBE2BDB2D65007CB748 /* OnboardingDetailsView.swift */,
			);
			path = Views;
			sourceTree = "<group>";
		};
/* End PBXGroup section */

/* Begin PBXNativeTarget section */
		02590D172BCF6C960087C424 /* YelpCitySights */ = {
			isa = PBXNativeTarget;
			buildConfigurationList = 02590D262BCF6C980087C424 /* Build configuration list for PBXNativeTarget "YelpCitySights" */;
			buildPhases = (
				02590D142BCF6C960087C424 /* Sources */,
				02590D152BCF6C960087C424 /* Frameworks */,
				02590D162BCF6C960087C424 /* Resources */,
			);
			buildRules = (
			);
			dependencies = (
			);
			name = YelpCitySights;
			productName = YelpCitySights;
			productReference = 02590D182BCF6C960087C424 /* YelpCitySights.app */;
			productType = "com.apple.product-type.application";
		};
/* End PBXNativeTarget section */

/* Begin PBXProject section */
		02590D102BCF6C960087C424 /* Project object */ = {
			isa = PBXProject;
			attributes = {
				BuildIndependentTargetsInParallel = 1;
				LastSwiftUpdateCheck = 1530;
				LastUpgradeCheck = 1530;
				TargetAttributes = {
					02590D172BCF6C960087C424 = {
						CreatedOnToolsVersion = 15.3;
					};
				};
			};
			buildConfigurationList = 02590D132BCF6C960087C424 /* Build configuration list for PBXProject "YelpCitySights" */;
			compatibilityVersion = "Xcode 14.0";
			developmentRegion = en;
			hasScannedForEncodings = 0;
			knownRegions = (
				en,
				Base,
			);
			mainGroup = 02590D0F2BCF6C960087C424;
			productRefGroup = 02590D192BCF6C960087C424 /* Products */;
			projectDirPath = "";
			projectRoot = "";
			targets = (
				02590D172BCF6C960087C424 /* YelpCitySights */,
			);
		};
/* End PBXProject section */

/* Begin PBXResourcesBuildPhase section */
		02590D162BCF6C960087C424 /* Resources */ = {
			isa = PBXResourcesBuildPhase;
			buildActionMask = 2147483647;
			files = (
				02590D232BCF6C980087C424 /* Preview Assets.xcassets in Resources */,
				02590D202BCF6C980087C424 /* Assets.xcassets in Resources */,
			);
			runOnlyForDeploymentPostprocessing = 0;
		};
/* End PBXResourcesBuildPhase section */

/* Begin PBXSourcesBuildPhase section */
		02590D142BCF6C960087C424 /* Sources */ = {
			isa = PBXSourcesBuildPhase;
			buildActionMask = 2147483647;
			files = (
				02590D2E2BCF784B0087C424 /* DataService.swift in Sources */,
				025816ED2BDA06F1006281AA /* MapView.swift in Sources */,
				025816EB2BDA00BF006281AA /* BusinessModel.swift in Sources */,
				02B36CBF2BDB2D65007CB748 /* OnboardingDetailsView.swift in Sources */,
				025816F12BDB23A1006281AA /* OnboardingView.swift in Sources */,
				02590D302BCF81B30087C424 /* BusinessSearch.swift in Sources */,
				02590D342BD1A6BD0087C424 /* TextHelper.swift in Sources */,
				02590D372BD1B6510087C424 /* BusinessDetialView.swift in Sources */,
				02590D1E2BCF6C960087C424 /* HomeView.swift in Sources */,
				02590D1C2BCF6C960087C424 /* YelpCitySightsApp.swift in Sources */,
				025816EF2BDA074E006281AA /* ListView.swift in Sources */,
			);
			runOnlyForDeploymentPostprocessing = 0;
		};
/* End PBXSourcesBuildPhase section */

/* Begin XCBuildConfiguration section */
		02590D242BCF6C980087C424 /* Debug */ = {
			isa = XCBuildConfiguration;
			baseConfigurationReference = 02590D292BCF71590087C424 /* Config.xcconfig */;
			buildSettings = {
				ALWAYS_SEARCH_USER_PATHS = NO;
				ASSETCATALOG_COMPILER_GENERATE_SWIFT_ASSET_SYMBOL_EXTENSIONS = YES;
				CLANG_ANALYZER_NONNULL = YES;
				CLANG_ANALYZER_NUMBER_OBJECT_CONVERSION = YES_AGGRESSIVE;
				CLANG_CXX_LANGUAGE_STANDARD = "gnu++20";
				CLANG_ENABLE_MODULES = YES;
				CLANG_ENABLE_OBJC_ARC = YES;
				CLANG_ENABLE_OBJC_WEAK = YES;
				CLANG_WARN_BLOCK_CAPTURE_AUTORELEASING = YES;
				CLANG_WARN_BOOL_CONVERSION = YES;
				CLANG_WARN_COMMA = YES;
				CLANG_WARN_CONSTANT_CONVERSION = YES;
				CLANG_WARN_DEPRECATED_OBJC_IMPLEMENTATIONS = YES;
				CLANG_WARN_DIRECT_OBJC_ISA_USAGE = YES_ERROR;
				CLANG_WARN_DOCUMENTATION_COMMENTS = YES;
				CLANG_WARN_EMPTY_BODY = YES;
				CLANG_WARN_ENUM_CONVERSION = YES;
				CLANG_WARN_INFINITE_RECURSION = YES;
				CLANG_WARN_INT_CONVERSION = YES;
				CLANG_WARN_NON_LITERAL_NULL_CONVERSION = YES;
				CLANG_WARN_OBJC_IMPLICIT_RETAIN_SELF = YES;
				CLANG_WARN_OBJC_LITERAL_CONVERSION = YES;
				CLANG_WARN_OBJC_ROOT_CLASS = YES_ERROR;
				CLANG_WARN_QUOTED_INCLUDE_IN_FRAMEWORK_HEADER = YES;
				CLANG_WARN_RANGE_LOOP_ANALYSIS = YES;
				CLANG_WARN_STRICT_PROTOTYPES = YES;
				CLANG_WARN_SUSPICIOUS_MOVE = YES;
				CLANG_WARN_UNGUARDED_AVAILABILITY = YES_AGGRESSIVE;
				CLANG_WARN_UNREACHABLE_CODE = YES;
				CLANG_WARN__DUPLICATE_METHOD_MATCH = YES;
				COPY_PHASE_STRIP = NO;
				DEBUG_INFORMATION_FORMAT = dwarf;
				ENABLE_STRICT_OBJC_MSGSEND = YES;
				ENABLE_TESTABILITY = YES;
				ENABLE_USER_SCRIPT_SANDBOXING = YES;
				GCC_C_LANGUAGE_STANDARD = gnu17;
				GCC_DYNAMIC_NO_PIC = NO;
				GCC_NO_COMMON_BLOCKS = YES;
				GCC_OPTIMIZATION_LEVEL = 0;
				GCC_PREPROCESSOR_DEFINITIONS = (
					"DEBUG=1",
					"$(inherited)",
				);
				GCC_WARN_64_TO_32_BIT_CONVERSION = YES;
				GCC_WARN_ABOUT_RETURN_TYPE = YES_ERROR;
				GCC_WARN_UNDECLARED_SELECTOR = YES;
				GCC_WARN_UNINITIALIZED_AUTOS = YES_AGGRESSIVE;
				GCC_WARN_UNUSED_FUNCTION = YES;
				GCC_WARN_UNUSED_VARIABLE = YES;
				IPHONEOS_DEPLOYMENT_TARGET = 17.4;
				LOCALIZATION_PREFERS_STRING_CATALOGS = YES;
				MTL_ENABLE_DEBUG_INFO = INCLUDE_SOURCE;
				MTL_FAST_MATH = YES;
				ONLY_ACTIVE_ARCH = YES;
				SDKROOT = iphoneos;
				SWIFT_ACTIVE_COMPILATION_CONDITIONS = "DEBUG $(inherited)";
				SWIFT_OPTIMIZATION_LEVEL = "-Onone";
			};
			name = Debug;
		};
		02590D252BCF6C980087C424 /* Release */ = {
			isa = XCBuildConfiguration;
			baseConfigurationReference = 02590D292BCF71590087C424 /* Config.xcconfig */;
			buildSettings = {
				ALWAYS_SEARCH_USER_PATHS = NO;
				ASSETCATALOG_COMPILER_GENERATE_SWIFT_ASSET_SYMBOL_EXTENSIONS = YES;
				CLANG_ANALYZER_NONNULL = YES;
				CLANG_ANALYZER_NUMBER_OBJECT_CONVERSION = YES_AGGRESSIVE;
				CLANG_CXX_LANGUAGE_STANDARD = "gnu++20";
				CLANG_ENABLE_MODULES = YES;
				CLANG_ENABLE_OBJC_ARC = YES;
				CLANG_ENABLE_OBJC_WEAK = YES;
				CLANG_WARN_BLOCK_CAPTURE_AUTORELEASING = YES;
				CLANG_WARN_BOOL_CONVERSION = YES;
				CLANG_WARN_COMMA = YES;
				CLANG_WARN_CONSTANT_CONVERSION = YES;
				CLANG_WARN_DEPRECATED_OBJC_IMPLEMENTATIONS = YES;
				CLANG_WARN_DIRECT_OBJC_ISA_USAGE = YES_ERROR;
				CLANG_WARN_DOCUMENTATION_COMMENTS = YES;
				CLANG_WARN_EMPTY_BODY = YES;
				CLANG_WARN_ENUM_CONVERSION = YES;
				CLANG_WARN_INFINITE_RECURSION = YES;
				CLANG_WARN_INT_CONVERSION = YES;
				CLANG_WARN_NON_LITERAL_NULL_CONVERSION = YES;
				CLANG_WARN_OBJC_IMPLICIT_RETAIN_SELF = YES;
				CLANG_WARN_OBJC_LITERAL_CONVERSION = YES;
				CLANG_WARN_OBJC_ROOT_CLASS = YES_ERROR;
				CLANG_WARN_QUOTED_INCLUDE_IN_FRAMEWORK_HEADER = YES;
				CLANG_WARN_RANGE_LOOP_ANALYSIS = YES;
				CLANG_WARN_STRICT_PROTOTYPES = YES;
				CLANG_WARN_SUSPICIOUS_MOVE = YES;
				CLANG_WARN_UNGUARDED_AVAILABILITY = YES_AGGRESSIVE;
				CLANG_WARN_UNREACHABLE_CODE = YES;
				CLANG_WARN__DUPLICATE_METHOD_MATCH = YES;
				COPY_PHASE_STRIP = NO;
				DEBUG_INFORMATION_FORMAT = "dwarf-with-dsym";
				ENABLE_NS_ASSERTIONS = NO;
				ENABLE_STRICT_OBJC_MSGSEND = YES;
				ENABLE_USER_SCRIPT_SANDBOXING = YES;
				GCC_C_LANGUAGE_STANDARD = gnu17;
				GCC_NO_COMMON_BLOCKS = YES;
				GCC_WARN_64_TO_32_BIT_CONVERSION = YES;
				GCC_WARN_ABOUT_RETURN_TYPE = YES_ERROR;
				GCC_WARN_UNDECLARED_SELECTOR = YES;
				GCC_WARN_UNINITIALIZED_AUTOS = YES_AGGRESSIVE;
				GCC_WARN_UNUSED_FUNCTION = YES;
				GCC_WARN_UNUSED_VARIABLE = YES;
				IPHONEOS_DEPLOYMENT_TARGET = 17.4;
				LOCALIZATION_PREFERS_STRING_CATALOGS = YES;
				MTL_ENABLE_DEBUG_INFO = NO;
				MTL_FAST_MATH = YES;
				SDKROOT = iphoneos;
				SWIFT_COMPILATION_MODE = wholemodule;
				VALIDATE_PRODUCT = YES;
			};
			name = Release;
		};
		02590D272BCF6C980087C424 /* Debug */ = {
			isa = XCBuildConfiguration;
			buildSettings = {
				ASSETCATALOG_COMPILER_APPICON_NAME = AppIcon;
				ASSETCATALOG_COMPILER_GLOBAL_ACCENT_COLOR_NAME = AccentColor;
				CODE_SIGN_STYLE = Automatic;
				CURRENT_PROJECT_VERSION = 1;
				DEVELOPMENT_ASSET_PATHS = "\"YelpCitySights/Preview Content\"";
				DEVELOPMENT_TEAM = K2553WZ9UQ;
				ENABLE_PREVIEWS = YES;
				GENERATE_INFOPLIST_FILE = YES;
				INFOPLIST_FILE = YelpCitySights/Info.plist;
				INFOPLIST_KEY_UIApplicationSceneManifest_Generation = YES;
				INFOPLIST_KEY_UIApplicationSupportsIndirectInputEvents = YES;
				INFOPLIST_KEY_UILaunchScreen_Generation = YES;
				INFOPLIST_KEY_UISupportedInterfaceOrientations_iPad = "UIInterfaceOrientationPortrait UIInterfaceOrientationPortraitUpsideDown UIInterfaceOrientationLandscapeLeft UIInterfaceOrientationLandscapeRight";
				INFOPLIST_KEY_UISupportedInterfaceOrientations_iPhone = "UIInterfaceOrientationPortrait UIInterfaceOrientationLandscapeLeft UIInterfaceOrientationLandscapeRight";
				LD_RUNPATH_SEARCH_PATHS = (
					"$(inherited)",
					"@executable_path/Frameworks",
				);
				MARKETING_VERSION = 1.0;
				PRODUCT_BUNDLE_IDENTIFIER = com.app.YelpCitySights;
				PRODUCT_NAME = "$(TARGET_NAME)";
				SWIFT_EMIT_LOC_STRINGS = YES;
				SWIFT_VERSION = 5.0;
				TARGETED_DEVICE_FAMILY = "1,2";
			};
			name = Debug;
		};
		02590D282BCF6C980087C424 /* Release */ = {
			isa = XCBuildConfiguration;
			buildSettings = {
				ASSETCATALOG_COMPILER_APPICON_NAME = AppIcon;
				ASSETCATALOG_COMPILER_GLOBAL_ACCENT_COLOR_NAME = AccentColor;
				CODE_SIGN_STYLE = Automatic;
				CURRENT_PROJECT_VERSION = 1;
				DEVELOPMENT_ASSET_PATHS = "\"YelpCitySights/Preview Content\"";
				DEVELOPMENT_TEAM = K2553WZ9UQ;
				ENABLE_PREVIEWS = YES;
				GENERATE_INFOPLIST_FILE = YES;
				INFOPLIST_FILE = YelpCitySights/Info.plist;
				INFOPLIST_KEY_UIApplicationSceneManifest_Generation = YES;
				INFOPLIST_KEY_UIApplicationSupportsIndirectInputEvents = YES;
				INFOPLIST_KEY_UILaunchScreen_Generation = YES;
				INFOPLIST_KEY_UISupportedInterfaceOrientations_iPad = "UIInterfaceOrientationPortrait UIInterfaceOrientationPortraitUpsideDown UIInterfaceOrientationLandscapeLeft UIInterfaceOrientationLandscapeRight";
				INFOPLIST_KEY_UISupportedInterfaceOrientations_iPhone = "UIInterfaceOrientationPortrait UIInterfaceOrientationLandscapeLeft UIInterfaceOrientationLandscapeRight";
				LD_RUNPATH_SEARCH_PATHS = (
					"$(inherited)",
					"@executable_path/Frameworks",
				);
				MARKETING_VERSION = 1.0;
				PRODUCT_BUNDLE_IDENTIFIER = com.app.YelpCitySights;
				PRODUCT_NAME = "$(TARGET_NAME)";
				SWIFT_EMIT_LOC_STRINGS = YES;
				SWIFT_VERSION = 5.0;
				TARGETED_DEVICE_FAMILY = "1,2";
			};
			name = Release;
		};
/* End XCBuildConfiguration section */

/* Begin XCConfigurationList section */
		02590D132BCF6C960087C424 /* Build configuration list for PBXProject "YelpCitySights" */ = {
			isa = XCConfigurationList;
			buildConfigurations = (
				02590D242BCF6C980087C424 /* Debug */,
				02590D252BCF6C980087C424 /* Release */,
			);
			defaultConfigurationIsVisible = 0;
			defaultConfigurationName = Release;
		};
		02590D262BCF6C980087C424 /* Build configuration list for PBXNativeTarget "YelpCitySights" */ = {
			isa = XCConfigurationList;
			buildConfigurations = (
				02590D272BCF6C980087C424 /* Debug */,
				02590D282BCF6C980087C424 /* Release */,
			);
			defaultConfigurationIsVisible = 0;
			defaultConfigurationName = Release;
		};
/* End XCConfigurationList section */
	};
	rootObject = 02590D102BCF6C960087C424 /* Project object */;
}
